
Microsoft Visual Studio Solution File, Format Version 12.00
# Visual Studio Version 16
VisualStudioVersion = 16.0.31424.327
MinimumVisualStudioVersion = 10.0.40219.1
Project("{FAE04EC0-301F-11D3-BF4B-00C04F79EFBC}") = "ByteBank.SistemaInternal", "ByteBank.SistemaInternal\ByteBank.SistemaInternal.csproj", "{690FB6BE-F2C9-4FA5-B443-32A36499C4BC}"
EndProject
Global
	GlobalSection(SolutionConfigurationPlatforms) = preSolution
		Debug|Any CPU = Debug|Any CPU
		Release|Any CPU = Release|Any CPU
	EndGlobalSection
	GlobalSection(ProjectConfigurationPlatforms) = postSolution
		{690FB6BE-F2C9-4FA5-B443-32A36499C4BC}.Debug|Any CPU.ActiveCfg = Debug|Any CPU
		{690FB6BE-F2C9-4FA5-B443-32A36499C4BC}.Debug|Any CPU.Build.0 = Debug|Any CPU
		{690FB6BE-F2C9-4FA5-B443-32A36499C4BC}.Release|Any CPU.ActiveCfg = Release|Any CPU
		{690FB6BE-F2C9-4FA5-B443-32A36499C4BC}.Release|Any CPU.Build.0 = Release|Any CPU
	EndGlobalSection
	GlobalSection(SolutionProperties) = preSolution
		HideSolutionNode = FALSE
	EndGlobalSection
	GlobalSection(ExtensibilityGlobals) = postSolution
		SolutionGuid = {1BA5C3F3-E6F2-4452-8AC0-93FC5CAA0C2B}
	EndGlobalSection
EndGlobal
